<?xml version="1.0" encoding="utf-8"?>
<Project ToolsVersion="4.0" xmlns="http://schemas.microsoft.com/developer/msbuild/2003">
  <ItemGroup>
    <Filter Include="Source Files">
      <UniqueIdentifier>{4FC737F1-C7A5-4376-A066-2A32D752A2FF}</UniqueIdentifier>
      <Extensions>cpp;c;cc;cxx;c++;cppm;ixx;def;odl;idl;hpj;bat;asm;asmx</Extensions>
    </Filter>
    <Filter Include="Header Files">
      <UniqueIdentifier>{93995380-89BD-4b04-88EB-625FBE52EBFB}</UniqueIdentifier>
      <Extensions>h;hh;hpp;hxx;h++;hm;inl;inc;ipp;xsd</Extensions>
    </Filter>
    <Filter Include="Resource Files">
      <UniqueIdentifier>{67DA6AB6-F800-4c08-8B7A-83BB121AAD01}</UniqueIdentifier>
      <Extensions>rc;ico;cur;bmp;dlg;rc2;rct;bin;rgs;gif;jpg;jpeg;jpe;resx;tiff;tif;png;wav;mfcribbon-ms</Extensions>
    </Filter>
  </ItemGroup>
  <ItemGroup>
    <ClCompile Include="OOP-project.cpp">
      <Filter>Source Files</Filter>
    </ClCompile>
    <ClCompile Include="product.cpp">
      <Filter>Source Files</Filter>
    </ClCompile>
    <ClCompile Include="salesOrder.cpp">
      <Filter>Source Files</Filter>
    </ClCompile>
    <ClCompile Include="stockItem.cpp">
      <Filter>Source Files</Filter>
    </ClCompile>
    <ClCompile Include="warehouse.cpp">
      <Filter>Source Files</Filter>
    </ClCompile>
    <ClCompile Include="productSubmenu.cpp">
      <Filter>Source Files</Filter>
    </ClCompile>
    <ClCompile Include="welcomeBanner.cpp">
      <Filter>Source Files</Filter>
    </ClCompile>
    <ClCompile Include="mainMenu.cpp">
      <Filter>Source Files</Filter>
    </ClCompile>
    <ClCompile Include="stockItemSubmenu.cpp">
      <Filter>Source Files</Filter>
    </ClCompile>
    <ClCompile Include="salesOrderSubMenu.cpp">
      <Filter>Source Files</Filter>
    </ClCompile>
    <ClCompile Include="warehouseSubmenu.cpp">
      <Filter>Source Files</Filter>
    </ClCompile>
    <ClCompile Include="productCollection.cpp">
      <Filter>Source Files</Filter>
    </ClCompile>
    <ClCompile Include="stockItemCollection.cpp">
      <Filter>Source Files</Filter>
    </ClCompile>
    <ClCompile Include="salesOrderColeection.cpp">
      <Filter>Source Files</Filter>
    </ClCompile>
    <ClCompile Include="warehouseCollection.cpp">
      <Filter>Source Files</Filter>
    </ClCompile>
    <ClCompile Include="validation.cpp">
      <Filter>Source Files</Filter>
    </ClCompile>
  </ItemGroup>
  <ItemGroup>
    <ClInclude Include="product.h">
      <Filter>Header Files</Filter>
    </ClInclude>
    <ClInclude Include="salesOrder.h">
      <Filter>Header Files</Filter>
    </ClInclude>
    <ClInclude Include="stockItem.h">
      <Filter>Header Files</Filter>
    </ClInclude>
    <ClInclude Include="warehouse.h">
      <Filter>Header Files</Filter>
    </ClInclude>
    <ClInclude Include="productSubmenu.h">
      <Filter>Header Files</Filter>
    </ClInclude>
    <ClInclude Include="welcomeBaner.h">
      <Filter>Header Files</Filter>
    </ClInclude>
    <ClInclude Include="mainMenu.h">
      <Filter>Header Files</Filter>
    </ClInclude>
    <ClInclude Include="stockItemSubmenu.h">
      <Filter>Header Files</Filter>
    </ClInclude>
    <ClInclude Include="salesOrderSubMenu.h">
      <Filter>Header Files</Filter>
    </ClInclude>
    <ClInclude Include="colors.h">
      <Filter>Header Files</Filter>
    </ClInclude>
    <ClInclude Include="warehouseSubmenu.h">
      <Filter>Header Files</Filter>
    </ClInclude>
    <ClInclude Include="productCollection.h">
      <Filter>Header Files</Filter>
    </ClInclude>
    <ClInclude Include="stockItemCollection.h">
      <Filter>Header Files</Filter>
    </ClInclude>
    <ClInclude Include="SalesOrderCollection.h">
      <Filter>Header Files</Filter>
    </ClInclude>
    <ClInclude Include="warehouseCollection.h">
      <Filter>Header Files</Filter>
    </ClInclude>
    <ClInclude Include="validation.h">
      <Filter>Header Files</Filter>
    </ClInclude>
  </ItemGroup>
</Project>